{
  "name": "L5IN_task1",
  "lockfileVersion": 2,
  "requires": true,
  "packages": {
    "": {
      "dependencies": {
        "merge-json": "^0.1.0-b.3"
      }
    },
    "node_modules/merge-json": {
      "version": "0.1.0-b.3",
      "resolved": "https://registry.npmjs.org/merge-json/-/merge-json-0.1.0-b.3.tgz",
      "integrity": "sha1-RI4RhCTHdSryrcqD+7BJdYWWpoA="
    }
  },
  "dependencies": {
    "merge-json": {
      "version": "0.1.0-b.3",
      "resolved": "https://registry.npmjs.org/merge-json/-/merge-json-0.1.0-b.3.tgz",
      "integrity": "sha1-RI4RhCTHdSryrcqD+7BJdYWWpoA="
    }
  }
}
